
Microsoft Visual Studio Solution File, Format Version 12.00
# Visual Studio Version 16
VisualStudioVersion = 16.0.29020.237
MinimumVisualStudioVersion = 10.0.40219.1
Project("{FAE04EC0-301F-11D3-BF4B-00C04F79EFBC}") = "FileIOArray", "FileIOArray\FileIOArray.csproj", "{201246DD-FDD6-44C8-B046-3E659B93D1C6}"
EndProject
Global
	GlobalSection(SolutionConfigurationPlatforms) = preSolution
		Debug|Any CPU = Debug|Any CPU
		Release|Any CPU = Release|Any CPU
	EndGlobalSection
	GlobalSection(ProjectConfigurationPlatforms) = postSolution
		{201246DD-FDD6-44C8-B046-3E659B93D1C6}.Debug|Any CPU.ActiveCfg = Debug|Any CPU
		{201246DD-FDD6-44C8-B046-3E659B93D1C6}.Debug|Any CPU.Build.0 = Debug|Any CPU
		{201246DD-FDD6-44C8-B046-3E659B93D1C6}.Release|Any CPU.ActiveCfg = Release|Any CPU
		{201246DD-FDD6-44C8-B046-3E659B93D1C6}.Release|Any CPU.Build.0 = Release|Any CPU
	EndGlobalSection
	GlobalSection(SolutionProperties) = preSolution
		HideSolutionNode = FALSE
	EndGlobalSection
	GlobalSection(ExtensibilityGlobals) = postSolution
		SolutionGuid = {232400D5-3398-4DE5-A6F4-B01DD24AF18D}
	EndGlobalSection
EndGlobal
